
Microsoft Visual Studio Solution File, Format Version 12.00
# Visual Studio Version 16
VisualStudioVersion = 16.0.31205.134
MinimumVisualStudioVersion = 10.0.40219.1
Project("{FAE04EC0-301F-11D3-BF4B-00C04F79EFBC}") = "wish_list_senai.webApi", "wish_list_senai.webApi\wish_list_senai.webApi.csproj", "{0B4ADAC1-264F-4259-BFBA-8F6ABCA2FFD3}"
EndProject
Global
	GlobalSection(SolutionConfigurationPlatforms) = preSolution
		Debug|Any CPU = Debug|Any CPU
		Release|Any CPU = Release|Any CPU
	EndGlobalSection
	GlobalSection(ProjectConfigurationPlatforms) = postSolution
		{0B4ADAC1-264F-4259-BFBA-8F6ABCA2FFD3}.Debug|Any CPU.ActiveCfg = Debug|Any CPU
		{0B4ADAC1-264F-4259-BFBA-8F6ABCA2FFD3}.Debug|Any CPU.Build.0 = Debug|Any CPU
		{0B4ADAC1-264F-4259-BFBA-8F6ABCA2FFD3}.Release|Any CPU.ActiveCfg = Release|Any CPU
		{0B4ADAC1-264F-4259-BFBA-8F6ABCA2FFD3}.Release|Any CPU.Build.0 = Release|Any CPU
	EndGlobalSection
	GlobalSection(SolutionProperties) = preSolution
		HideSolutionNode = FALSE
	EndGlobalSection
	GlobalSection(ExtensibilityGlobals) = postSolution
		SolutionGuid = {034BA5E4-53CD-4C06-99F3-F04BE65744F3}
	EndGlobalSection
EndGlobal
